
Microsoft Visual Studio Solution File, Format Version 12.00
# Visual Studio Version 16
VisualStudioVersion = 16.0.29418.71
MinimumVisualStudioVersion = 10.0.40219.1
Project("{9A19103F-16F7-4668-BE54-9A1E7A4F7556}") = "SpaceAPI.Host", "SpaceAPI.Host\SpaceAPI.Host.csproj", "{B0A056BB-4625-44C4-B435-68D4997F4C36}"
EndProject
Project("{9A19103F-16F7-4668-BE54-9A1E7A4F7556}") = "SpaceAPI.Data", "SpaceAPI.Data\SpaceAPI.Data.csproj", "{2D3E5C48-1224-478E-A115-E29CC0BA5486}"
EndProject
Project("{9A19103F-16F7-4668-BE54-9A1E7A4F7556}") = "SpaceAPI.Test", "SpaceAPI.Test\SpaceAPI.Test.csproj", "{1C7589C3-68EE-4BD1-A99B-9159A9CAD5F3}"
EndProject
Global
	GlobalSection(SolutionConfigurationPlatforms) = preSolution
		Debug|Any CPU = Debug|Any CPU
		Release|Any CPU = Release|Any CPU
	EndGlobalSection
	GlobalSection(ProjectConfigurationPlatforms) = postSolution
		{B0A056BB-4625-44C4-B435-68D4997F4C36}.Debug|Any CPU.ActiveCfg = Debug|Any CPU
		{B0A056BB-4625-44C4-B435-68D4997F4C36}.Debug|Any CPU.Build.0 = Debug|Any CPU
		{B0A056BB-4625-44C4-B435-68D4997F4C36}.Release|Any CPU.ActiveCfg = Release|Any CPU
		{B0A056BB-4625-44C4-B435-68D4997F4C36}.Release|Any CPU.Build.0 = Release|Any CPU
		{2D3E5C48-1224-478E-A115-E29CC0BA5486}.Debug|Any CPU.ActiveCfg = Debug|Any CPU
		{2D3E5C48-1224-478E-A115-E29CC0BA5486}.Debug|Any CPU.Build.0 = Debug|Any CPU
		{2D3E5C48-1224-478E-A115-E29CC0BA5486}.Release|Any CPU.ActiveCfg = Release|Any CPU
		{2D3E5C48-1224-478E-A115-E29CC0BA5486}.Release|Any CPU.Build.0 = Release|Any CPU
		{1C7589C3-68EE-4BD1-A99B-9159A9CAD5F3}.Debug|Any CPU.ActiveCfg = Debug|Any CPU
		{1C7589C3-68EE-4BD1-A99B-9159A9CAD5F3}.Debug|Any CPU.Build.0 = Debug|Any CPU
		{1C7589C3-68EE-4BD1-A99B-9159A9CAD5F3}.Release|Any CPU.ActiveCfg = Release|Any CPU
		{1C7589C3-68EE-4BD1-A99B-9159A9CAD5F3}.Release|Any CPU.Build.0 = Release|Any CPU
	EndGlobalSection
	GlobalSection(SolutionProperties) = preSolution
		HideSolutionNode = FALSE
	EndGlobalSection
	GlobalSection(ExtensibilityGlobals) = postSolution
		SolutionGuid = {8DB3DB8D-8812-4414-A5EA-6C4E336408E1}
	EndGlobalSection
EndGlobal
