
Microsoft Visual Studio Solution File, Format Version 12.00
# Visual Studio 2013
VisualStudioVersion = 12.0.31101.0
MinimumVisualStudioVersion = 10.0.40219.1
Project("{FAE04EC0-301F-11D3-BF4B-00C04F79EFBC}") = "SpaceAPI", "SpaceAPI\SpaceAPI.csproj", "{F51CD37D-FAE4-41F0-A862-7604271CFC61}"
EndProject
Project("{FAE04EC0-301F-11D3-BF4B-00C04F79EFBC}") = "SpaceAPI.Tests", "SpaceAPI.Tests\SpaceAPI.Tests.csproj", "{BCD83052-DC3A-4FD5-A14D-764D5AB11666}"
EndProject
Project("{FAE04EC0-301F-11D3-BF4B-00C04F79EFBC}") = "SpaceAPI.Data", "SpaceAPI.Data\SpaceAPI.Data.csproj", "{A0203D1C-7264-41BC-BE16-23219912B7F3}"
EndProject
Global
	GlobalSection(SolutionConfigurationPlatforms) = preSolution
		Debug|Any CPU = Debug|Any CPU
		Release|Any CPU = Release|Any CPU
	EndGlobalSection
	GlobalSection(ProjectConfigurationPlatforms) = postSolution
		{F51CD37D-FAE4-41F0-A862-7604271CFC61}.Debug|Any CPU.ActiveCfg = Debug|Any CPU
		{F51CD37D-FAE4-41F0-A862-7604271CFC61}.Debug|Any CPU.Build.0 = Debug|Any CPU
		{F51CD37D-FAE4-41F0-A862-7604271CFC61}.Release|Any CPU.ActiveCfg = Release|Any CPU
		{F51CD37D-FAE4-41F0-A862-7604271CFC61}.Release|Any CPU.Build.0 = Release|Any CPU
		{BCD83052-DC3A-4FD5-A14D-764D5AB11666}.Debug|Any CPU.ActiveCfg = Debug|Any CPU
		{BCD83052-DC3A-4FD5-A14D-764D5AB11666}.Debug|Any CPU.Build.0 = Debug|Any CPU
		{BCD83052-DC3A-4FD5-A14D-764D5AB11666}.Release|Any CPU.ActiveCfg = Release|Any CPU
		{BCD83052-DC3A-4FD5-A14D-764D5AB11666}.Release|Any CPU.Build.0 = Release|Any CPU
		{A0203D1C-7264-41BC-BE16-23219912B7F3}.Debug|Any CPU.ActiveCfg = Debug|Any CPU
		{A0203D1C-7264-41BC-BE16-23219912B7F3}.Debug|Any CPU.Build.0 = Debug|Any CPU
		{A0203D1C-7264-41BC-BE16-23219912B7F3}.Release|Any CPU.ActiveCfg = Release|Any CPU
		{A0203D1C-7264-41BC-BE16-23219912B7F3}.Release|Any CPU.Build.0 = Release|Any CPU
	EndGlobalSection
	GlobalSection(SolutionProperties) = preSolution
		HideSolutionNode = FALSE
	EndGlobalSection
EndGlobal
